# THIS IS AN AUTOGENERATED FILE. DO NOT EDIT THIS FILE DIRECTLY.
# yarn lockfile v1


"@ai-sdk/anthropic@^1.2.10":
  version "1.2.10"
  resolved "https://registry.yarnpkg.com/@ai-sdk/anthropic/-/anthropic-1.2.10.tgz#0591512d362a516acbe358d955384ab551dd731f"
  integrity sha512-PyE7EC2fPjs9DnzRAHDrPQmcnI2m2Eojr8pfhckOejOlDEh2w7NnSJr1W3qe5hUWzKr+6d7NG1ZKR9fhmpDdEQ==
  dependencies:
    "@ai-sdk/provider" "1.1.3"
    "@ai-sdk/provider-utils" "2.2.7"

"@ai-sdk/deepseek@^0.2.11":
  version "0.2.11"
  resolved "https://registry.yarnpkg.com/@ai-sdk/deepseek/-/deepseek-0.2.11.tgz#564e97b6f2935fa2fe01515a1e4a4417d8207dea"
  integrity sha512-pxsxAIL9R9p+4VStYXDdOpQ61e0MUKXA2ZLEVTg598fHCzqZaakrDKV0sPq+YFf9wJNgRfbG+KpjGUCNxksiHA==
  dependencies:
    "@ai-sdk/openai-compatible" "0.2.11"
    "@ai-sdk/provider" "1.1.3"
    "@ai-sdk/provider-utils" "2.2.7"

"@ai-sdk/google@^1.2.11":
  version "1.2.11"
  resolved "https://registry.yarnpkg.com/@ai-sdk/google/-/google-1.2.11.tgz#39823b31a12a0230a0b801dd7619c08c94c9956d"
  integrity sha512-gjGcxKcRri/Jbkujs9nVwP4qOW5GI4rYQ6vQ17uLAvGMo3qnwr26Q2KUqUWuVHQYtboXVSrxC/Kb6sm3hE5WUQ==
  dependencies:
    "@ai-sdk/provider" "1.1.3"
    "@ai-sdk/provider-utils" "2.2.7"

"@ai-sdk/groq@^1.2.8":
  version "1.2.8"
  resolved "https://registry.yarnpkg.com/@ai-sdk/groq/-/groq-1.2.8.tgz#c2a41b4cb9679e06640572829aad7279d3a30dd7"
  integrity sha512-DRq0b4twVUh52DFnIhVC4F14Po8w+76sCdigMRRIcAiSmGRr9I3Vyot36tun1q4tBZMYSvQUss60W3eiaoa6mg==
  dependencies:
    "@ai-sdk/provider" "1.1.3"
    "@ai-sdk/provider-utils" "2.2.7"

"@ai-sdk/openai-compatible@0.2.11", "@ai-sdk/openai-compatible@^0.2.11":
  version "0.2.11"
  resolved "https://registry.yarnpkg.com/@ai-sdk/openai-compatible/-/openai-compatible-0.2.11.tgz#ab47dd3f7d818acca733bc97750152f22e77fdbd"
  integrity sha512-56U0uNCcFTygA4h6R/uREv8r5sKA3/pGkpIAnMOpRzs5wiARlTYakWW3LZgxg6D4Gpeswo4gwNJczB7nM0K1Qg==
  dependencies:
    "@ai-sdk/provider" "1.1.3"
    "@ai-sdk/provider-utils" "2.2.7"

"@ai-sdk/openai@^1.3.12":
  version "1.3.12"
  resolved "https://registry.yarnpkg.com/@ai-sdk/openai/-/openai-1.3.12.tgz#d51df2e3adef7e5ff50846102e4113f296975adb"
  integrity sha512-ueAP69p8a/ZR2ns+pmlr9h/nyV2/DAwzfnPUGZiLpXbxWnLXd2g3a7l38CuEhBydH/nOfDb/byMgpS8+bnJHTg==
  dependencies:
    "@ai-sdk/provider" "1.1.3"
    "@ai-sdk/provider-utils" "2.2.7"

"@ai-sdk/provider-utils@2.2.7":
  version "2.2.7"
  resolved "https://registry.yarnpkg.com/@ai-sdk/provider-utils/-/provider-utils-2.2.7.tgz#2030c7104ce9f0831b6e78476571bf376cff68d6"
  integrity sha512-kM0xS3GWg3aMChh9zfeM+80vEZfXzR3JEUBdycZLtbRZ2TRT8xOj3WodGHPb06sUK5yD7pAXC/P7ctsi2fvUGQ==
  dependencies:
    "@ai-sdk/provider" "1.1.3"
    nanoid "^3.3.8"
    secure-json-parse "^2.7.0"

"@ai-sdk/provider@1.1.3":
  version "1.1.3"
  resolved "https://registry.yarnpkg.com/@ai-sdk/provider/-/provider-1.1.3.tgz#ebdda8077b8d2b3f290dcba32c45ad19b2704681"
  integrity sha512-qZMxYJ0qqX/RfnuIaab+zp8UAeJn/ygXXAffR5I4N0n1IrvA6qBsjc8hXLmBiMV2zoXlifkacF7sEFnYnjBcqg==
  dependencies:
    json-schema "^0.4.0"

"@ai-sdk/react@1.2.9":
  version "1.2.9"
  resolved "https://registry.yarnpkg.com/@ai-sdk/react/-/react-1.2.9.tgz#ca8f4cc3e791059ada9276a3e0e0fe4988928fb0"
  integrity sha512-/VYm8xifyngaqFDLXACk/1czDRCefNCdALUyp+kIX6DUIYUWTM93ISoZ+qJ8+3E+FiJAKBQz61o8lIIl+vYtzg==
  dependencies:
    "@ai-sdk/provider-utils" "2.2.7"
    "@ai-sdk/ui-utils" "1.2.8"
    swr "^2.2.5"
    throttleit "2.1.0"

"@ai-sdk/ui-utils@1.2.8":
  version "1.2.8"
  resolved "https://registry.yarnpkg.com/@ai-sdk/ui-utils/-/ui-utils-1.2.8.tgz#2e65e18a8d23bd361885aa1b26abe9a1e30f4e15"
  integrity sha512-nls/IJCY+ks3Uj6G/agNhXqQeLVqhNfoJbuNgCny+nX2veY5ADB91EcZUqVeQ/ionul2SeUswPY6Q/DxteY29Q==
  dependencies:
    "@ai-sdk/provider" "1.1.3"
    "@ai-sdk/provider-utils" "2.2.7"
    zod-to-json-schema "^3.24.1"

"@ai-sdk/xai@^1.2.13":
  version "1.2.13"
  resolved "https://registry.yarnpkg.com/@ai-sdk/xai/-/xai-1.2.13.tgz#d11dbe0bc685deea591abf8835f99c4a20bf7c51"
  integrity sha512-vJnzpnRVIVuGgDHrHgfIc3ImjVp6YN+salVX99r+HWd2itiGQy+vAmQKen0Ml8BK/avnLyQneeYRfdlgDBkhgQ==
  dependencies:
    "@ai-sdk/openai-compatible" "0.2.11"
    "@ai-sdk/provider" "1.1.3"
    "@ai-sdk/provider-utils" "2.2.7"

"@octokit/action@^6.0.4":
  version "6.0.4"
  resolved "https://registry.npmjs.org/@octokit/action/-/action-6.0.4.tgz"
  integrity sha512-lRvfUSjlCQWGi2DKSGYxPiu3xxWRrIOJ3i7kKTi+RWW2ejUr9hl/un/amira/Td+WrRAlvlcb7rSCY4hsnRTow==
  dependencies:
    "@octokit/auth-action" "^3.0.0"
    "@octokit/core" "^4.0.0"
    "@octokit/plugin-paginate-rest" "^7.0.0"
    "@octokit/plugin-rest-endpoint-methods" "^8.0.0"
    "@octokit/types" "^10.0.0"
    https-proxy-agent "^7.0.0"

"@octokit/auth-action@^3.0.0":
  version "3.0.2"
  resolved "https://registry.npmjs.org/@octokit/auth-action/-/auth-action-3.0.2.tgz"
  integrity sha512-QkRAlAFqELFdzddFjDA68IN26pJ2hoTLY2vNYsmX5vwcYIWiiQA1KDFIrqpdzZo4dpPJXM9E0drXyBpZhicGTA==
  dependencies:
    "@octokit/auth-token" "^4.0.0"
    "@octokit/types" "^10.0.0"

"@octokit/auth-token@^3.0.0":
  version "3.0.4"
  resolved "https://registry.npmjs.org/@octokit/auth-token/-/auth-token-3.0.4.tgz"
  integrity sha512-TWFX7cZF2LXoCvdmJWY7XVPi74aSY0+FfBZNSXEXFkMpjcqsQwDSYVv5FhRFaI0V1ECnwbz4j59T/G+rXNWaIQ==

"@octokit/auth-token@^4.0.0":
  version "4.0.0"
  resolved "https://registry.npmjs.org/@octokit/auth-token/-/auth-token-4.0.0.tgz"
  integrity sha512-tY/msAuJo6ARbK6SPIxZrPBms3xPbfwBrulZe0Wtr/DIY9lje2HeV1uoebShn6mx7SjCHif6EjMvoREj+gZ+SA==

"@octokit/core@^4.0.0":
  version "4.2.4"
  resolved "https://registry.npmjs.org/@octokit/core/-/core-4.2.4.tgz"
  integrity sha512-rYKilwgzQ7/imScn3M9/pFfUf4I1AZEH3KhyJmtPdE2zfaXAn2mFfUy4FbKewzc2We5y/LlKLj36fWJLKC2SIQ==
  dependencies:
    "@octokit/auth-token" "^3.0.0"
    "@octokit/graphql" "^5.0.0"
    "@octokit/request" "^6.0.0"
    "@octokit/request-error" "^3.0.0"
    "@octokit/types" "^9.0.0"
    before-after-hook "^2.2.0"
    universal-user-agent "^6.0.0"

"@octokit/endpoint@^7.0.0":
  version "7.0.6"
  resolved "https://registry.npmjs.org/@octokit/endpoint/-/endpoint-7.0.6.tgz"
  integrity sha512-5L4fseVRUsDFGR00tMWD/Trdeeihn999rTMGRMC1G/Ldi1uWlWJzI98H4Iak5DB/RVvQuyMYKqSK/R6mbSOQyg==
  dependencies:
    "@octokit/types" "^9.0.0"
    is-plain-object "^5.0.0"
    universal-user-agent "^6.0.0"

"@octokit/graphql@^5.0.0":
  version "5.0.6"
  resolved "https://registry.npmjs.org/@octokit/graphql/-/graphql-5.0.6.tgz"
  integrity sha512-Fxyxdy/JH0MnIB5h+UQ3yCoh1FG4kWXfFKkpWqjZHw/p+Kc8Y44Hu/kCgNBT6nU1shNumEchmW/sUO1JuQnPcw==
  dependencies:
    "@octokit/request" "^6.0.0"
    "@octokit/types" "^9.0.0"
    universal-user-agent "^6.0.0"

"@octokit/openapi-types@^18.0.0":
  version "18.0.0"
  resolved "https://registry.npmjs.org/@octokit/openapi-types/-/openapi-types-18.0.0.tgz"
  integrity sha512-V8GImKs3TeQRxRtXFpG2wl19V7444NIOTDF24AWuIbmNaNYOQMWRbjcGDXV5B+0n887fgDcuMNOmlul+k+oJtw==

"@octokit/plugin-paginate-rest@^7.0.0":
  version "7.1.2"
  resolved "https://registry.npmjs.org/@octokit/plugin-paginate-rest/-/plugin-paginate-rest-7.1.2.tgz"
  integrity sha512-Jx8KuKqEAVRsK6fMzZKv3h6UH9/NRDHsDRtUAROqqmZlCptM///Uef7A1ViZ/cbDplekz7VbDWdFLAZ/mpuDww==
  dependencies:
    "@octokit/tsconfig" "^2.0.0"
    "@octokit/types" "^9.3.2"

"@octokit/plugin-rest-endpoint-methods@^8.0.0":
  version "8.0.0"
  resolved "https://registry.npmjs.org/@octokit/plugin-rest-endpoint-methods/-/plugin-rest-endpoint-methods-8.0.0.tgz"
  integrity sha512-GtA8B7zkdxJv2OBVUtUeynu/OkWo272w2IpWC+QCQiUhgrRZ9Zrz2NgAiqYkVhlITGD3PcWYEjy9JR1HrzYtQA==
  dependencies:
    "@octokit/types" "^10.0.0"

"@octokit/request-error@^3.0.0":
  version "3.0.3"
  resolved "https://registry.npmjs.org/@octokit/request-error/-/request-error-3.0.3.tgz"
  integrity sha512-crqw3V5Iy2uOU5Np+8M/YexTlT8zxCfI+qu+LxUB7SZpje4Qmx3mub5DfEKSO8Ylyk0aogi6TYdf6kxzh2BguQ==
  dependencies:
    "@octokit/types" "^9.0.0"
    deprecation "^2.0.0"
    once "^1.4.0"

"@octokit/request@^6.0.0":
  version "6.2.8"
  resolved "https://registry.npmjs.org/@octokit/request/-/request-6.2.8.tgz"
  integrity sha512-ow4+pkVQ+6XVVsekSYBzJC0VTVvh/FCTUUgTsboGq+DTeWdyIFV8WSCdo0RIxk6wSkBTHqIK1mYuY7nOBXOchw==
  dependencies:
    "@octokit/endpoint" "^7.0.0"
    "@octokit/request-error" "^3.0.0"
    "@octokit/types" "^9.0.0"
    is-plain-object "^5.0.0"
    node-fetch "^2.6.7"
    universal-user-agent "^6.0.0"

"@octokit/tsconfig@^2.0.0":
  version "2.0.0"
  resolved "https://registry.npmjs.org/@octokit/tsconfig/-/tsconfig-2.0.0.tgz"
  integrity sha512-tWnrai3quGt8+gRN2edzo9fmraWekeryXPeXDomMw2oFSpu/lH3VSWGn/q4V+rwjTRMeeXk/ci623/01Zet4VQ==

"@octokit/types@^10.0.0":
  version "10.0.0"
  resolved "https://registry.npmjs.org/@octokit/types/-/types-10.0.0.tgz"
  integrity sha512-Vm8IddVmhCgU1fxC1eyinpwqzXPEYu0NrYzD3YZjlGjyftdLBTeqNblRC0jmJmgxbJIsQlyogVeGnrNaaMVzIg==
  dependencies:
    "@octokit/openapi-types" "^18.0.0"

"@octokit/types@^9.0.0", "@octokit/types@^9.3.2":
  version "9.3.2"
  resolved "https://registry.npmjs.org/@octokit/types/-/types-9.3.2.tgz"
  integrity sha512-D4iHGTdAnEEVsB8fl95m1hiz7D5YiRdQ9b/OEb3BYRVwbLsGHcRVPz+u+BgRLNk0Q0/4iZCBqDN96j2XNxfXrA==
  dependencies:
    "@octokit/openapi-types" "^18.0.0"

"@opentelemetry/api@1.9.0":
  version "1.9.0"
  resolved "https://registry.yarnpkg.com/@opentelemetry/api/-/api-1.9.0.tgz#d03eba68273dc0f7509e2a3d5cba21eae10379fe"
  integrity sha512-3giAOQvZiH5F9bMlMiv8+GSPMeqg0dbaeo58/0SlA9sxSqZhnUtxzX9/2FzyhS9sWQf5S0GJE0AKBrFqjpeYcg==

"@protobufjs/aspromise@^1.1.1", "@protobufjs/aspromise@^1.1.2":
  version "1.1.2"
  resolved "https://registry.npmjs.org/@protobufjs/aspromise/-/aspromise-1.1.2.tgz"
  integrity sha512-j+gKExEuLmKwvz3OgROXtrJ2UG2x8Ch2YZUxahh+s1F2HZ+wAceUNLkvy6zKCPVRkU++ZWQrdxsUeQXmcg4uoQ==

"@protobufjs/base64@^1.1.2":
  version "1.1.2"
  resolved "https://registry.npmjs.org/@protobufjs/base64/-/base64-1.1.2.tgz"
  integrity sha512-AZkcAA5vnN/v4PDqKyMR5lx7hZttPDgClv83E//FMNhR2TMcLUhfRUBHCmSl0oi9zMgDDqRUJkSxO3wm85+XLg==

"@protobufjs/codegen@^2.0.4":
  version "2.0.4"
  resolved "https://registry.npmjs.org/@protobufjs/codegen/-/codegen-2.0.4.tgz"
  integrity sha512-YyFaikqM5sH0ziFZCN3xDC7zeGaB/d0IUb9CATugHWbd1FRFwWwt4ld4OYMPWu5a3Xe01mGAULCdqhMlPl29Jg==

"@protobufjs/eventemitter@^1.1.0":
  version "1.1.0"
  resolved "https://registry.npmjs.org/@protobufjs/eventemitter/-/eventemitter-1.1.0.tgz"
  integrity sha512-j9ednRT81vYJ9OfVuXG6ERSTdEL1xVsNgqpkxMsbIabzSo3goCjDIveeGv5d03om39ML71RdmrGNjG5SReBP/Q==

"@protobufjs/fetch@^1.1.0":
  version "1.1.0"
  resolved "https://registry.npmjs.org/@protobufjs/fetch/-/fetch-1.1.0.tgz"
  integrity sha512-lljVXpqXebpsijW71PZaCYeIcE5on1w5DlQy5WH6GLbFryLUrBD4932W/E2BSpfRJWseIL4v/KPgBFxDOIdKpQ==
  dependencies:
    "@protobufjs/aspromise" "^1.1.1"
    "@protobufjs/inquire" "^1.1.0"

"@protobufjs/float@^1.0.2":
  version "1.0.2"
  resolved "https://registry.npmjs.org/@protobufjs/float/-/float-1.0.2.tgz"
  integrity sha512-Ddb+kVXlXst9d+R9PfTIxh1EdNkgoRe5tOX6t01f1lYWOvJnSPDBlG241QLzcyPdoNTsblLUdujGSE4RzrTZGQ==

"@protobufjs/inquire@^1.1.0":
  version "1.1.0"
  resolved "https://registry.npmjs.org/@protobufjs/inquire/-/inquire-1.1.0.tgz"
  integrity sha512-kdSefcPdruJiFMVSbn801t4vFK7KB/5gd2fYvrxhuJYg8ILrmn9SKSX2tZdV6V+ksulWqS7aXjBcRXl3wHoD9Q==

"@protobufjs/path@^1.1.2":
  version "1.1.2"
  resolved "https://registry.npmjs.org/@protobufjs/path/-/path-1.1.2.tgz"
  integrity sha512-6JOcJ5Tm08dOHAbdR3GrvP+yUUfkjG5ePsHYczMFLq3ZmMkAD98cDgcT2iA1lJ9NVwFd4tH/iSSoe44YWkltEA==

"@protobufjs/pool@^1.1.0":
  version "1.1.0"
  resolved "https://registry.npmjs.org/@protobufjs/pool/-/pool-1.1.0.tgz"
  integrity sha512-0kELaGSIDBKvcgS4zkjz1PeddatrjYcmMWOlAuAPwAeccUrPHdUqo/J6LiymHHEiJT5NrF1UVwxY14f+fy4WQw==

"@protobufjs/utf8@^1.1.0":
  version "1.1.0"
  resolved "https://registry.npmjs.org/@protobufjs/utf8/-/utf8-1.1.0.tgz"
  integrity sha512-Vvn3zZrhQZkkBE8LSuW3em98c0FwgO4nxzv6OdSxPKJIEKY2bGbHn+mhGIPerzI4twdxaP8/0+06HBpwf345Lw==

"@types/diff-match-patch@^1.0.36":
  version "1.0.36"
  resolved "https://registry.yarnpkg.com/@types/diff-match-patch/-/diff-match-patch-1.0.36.tgz#dcef10a69d357fe9d43ac4ff2eca6b85dbf466af"
  integrity sha512-xFdR6tkm0MWvBfO8xXCSsinYxHcqkQUlcHeSpMC2ukzOb6lwQAfDmW+Qt0AvlGd8HpsS28qKsB+oPeJn9I39jg==

"@types/dotenv@^8.2.0":
  version "8.2.0"
  resolved "https://registry.npmjs.org/@types/dotenv/-/dotenv-8.2.0.tgz"
  integrity sha512-ylSC9GhfRH7m1EUXBXofhgx4lUWmFeQDINW5oLuS+gxWdfUeW4zJdeVTYVkexEW+e2VUvlZR2kGnGGipAWR7kw==
  dependencies:
    dotenv "*"

"@types/long@^4.0.1":
  version "4.0.2"
  resolved "https://registry.npmjs.org/@types/long/-/long-4.0.2.tgz"
  integrity sha512-MqTGEo5bj5t157U6fA/BiDynNkn0YknVdh48CMPkTSpFTVmvao5UQmm7uEF6xBEo7qIMAlY/JSleYaE6VOdpaA==

"@types/node@>=13.7.0", "@types/node@^20.4.2":
  version "20.4.2"
  resolved "https://registry.npmjs.org/@types/node/-/node-20.4.2.tgz"
  integrity sha512-Dd0BYtWgnWJKwO1jkmTrzofjK2QXXcai0dmtzvIBhcA+RsG5h8R3xlyta0kGOZRNfL9GuRtb1knmPEhQrePCEw==

"@volcengine/openapi@^1.10.0":
  version "1.10.0"
  resolved "https://registry.npmjs.org/@volcengine/openapi/-/openapi-1.10.0.tgz"
  integrity sha512-ZcDmlmju8gY25v1l9w5UmH2Bu6JQhSPfUD2KEuDh6rTFwlGwqJi51gwdg1gr4Jq17aUjYsiBSKqFENo/+Ytxmg==
  dependencies:
    axios "^0.21.1"
    crc "^4.1.0"
    crypto-js "^4.0.0"
    dayjs "^1.11.5"
    debug "^4.3.1"
    form-data "^3.0.0"
    lodash.get "^4.4.2"
    p-limit "^3.0.0"
    protobufjs "^6.11.2"
    uuid "^8.3.2"

agent-base@^7.0.2:
  version "7.1.0"
  resolved "https://registry.npmjs.org/agent-base/-/agent-base-7.1.0.tgz"
  integrity sha512-o/zjMZRhJxny7OyEF+Op8X+efiELC7k7yOjMzgfzVqOzXqkBkWI79YoTdOtsuWd5BWhAGAuOY/Xa6xpiaWXiNg==
  dependencies:
    debug "^4.3.4"

ai@^4.3.6:
  version "4.3.6"
  resolved "https://registry.yarnpkg.com/ai/-/ai-4.3.6.tgz#e9b35c1b99ae3cbf50a9d2bf4e1dde56c740be25"
  integrity sha512-cRL/9zFfPRRfVUOk+ll5FHy08FVc692voFzXWJ2YPD9KS+mkjDPp72QT9Etr0ZD/mdlJZHYq4ZHIts7nRpdD6A==
  dependencies:
    "@ai-sdk/provider" "1.1.3"
    "@ai-sdk/provider-utils" "2.2.7"
    "@ai-sdk/react" "1.2.9"
    "@ai-sdk/ui-utils" "1.2.8"
    "@opentelemetry/api" "1.9.0"
    jsondiffpatch "0.6.0"

asynckit@^0.4.0:
  version "0.4.0"
  resolved "https://registry.yarnpkg.com/asynckit/-/asynckit-0.4.0.tgz#c79ed97f7f34cb8f2ba1bc9790bcc366474b4b79"
  integrity sha512-Oei9OH4tRh0YqU3GxhX79dM/mwVgvbZJaSNaRk+bshkj0S5cfHcgYakreBjrHwatXKbz+IoIdYLxrKim2MjW0Q==

axios@^0.21.1:
  version "0.21.4"
  resolved "https://registry.npmjs.org/axios/-/axios-0.21.4.tgz"
  integrity sha512-ut5vewkiu8jjGBdqpM44XxjuCjq9LAKeHVmoVfHVzy8eHgxxq8SbAVQNovDA8mVi05kP0Ea/n/UzcSHcTJQfNg==
  dependencies:
    follow-redirects "^1.14.0"

axios@^1.8.2:
  version "1.8.4"
  resolved "https://registry.yarnpkg.com/axios/-/axios-1.8.4.tgz#78990bb4bc63d2cae072952d374835950a82f447"
  integrity sha512-eBSYY4Y68NNlHbHBMdeDmKNtDgXWhQsJcGqzO3iLUM0GraQFSS9cVgPX5I9b3lbdFKyYoAEGAZF1DwhTaljNAw==
  dependencies:
    follow-redirects "^1.15.6"
    form-data "^4.0.0"
    proxy-from-env "^1.1.0"

before-after-hook@^2.2.0:
  version "2.2.3"
  resolved "https://registry.npmjs.org/before-after-hook/-/before-after-hook-2.2.3.tgz"
  integrity sha512-NzUnlZexiaH/46WDhANlyR2bXRopNg4F/zuSA3OpZnllCUgRaOF2znDioDWrmbNVsuZk6l9pMquQB38cfBZwkQ==

boolbase@^1.0.0:
  version "1.0.0"
  resolved "https://registry.npmjs.org/boolbase/-/boolbase-1.0.0.tgz"
  integrity sha512-JZOSA7Mo9sNGB8+UjSgzdLtokWAky1zbztM3WRLCbZ70/3cTANmQmOdR7y2g+J0e2WXywy1yS468tY+IruqEww==

call-bind-apply-helpers@^1.0.1, call-bind-apply-helpers@^1.0.2:
  version "1.0.2"
  resolved "https://registry.yarnpkg.com/call-bind-apply-helpers/-/call-bind-apply-helpers-1.0.2.tgz#4b5428c222be985d79c3d82657479dbe0b59b2d6"
  integrity sha512-Sp1ablJ0ivDkSzjcaJdxEunN5/XvksFJ2sMBFfq6x0ryhQV/2b/KwFe21cMpmHtPOSij8K99/wSfoEuTObmuMQ==
  dependencies:
    es-errors "^1.3.0"
    function-bind "^1.1.2"

chalk@^5.3.0:
  version "5.4.1"
  resolved "https://registry.yarnpkg.com/chalk/-/chalk-5.4.1.tgz#1b48bf0963ec158dce2aacf69c093ae2dd2092d8"
  integrity sha512-zgVZuo2WcZgfUEmsn6eO3kINexW8RAE4maiQ8QNs8CtpPCSyMiYsULR3HQYkm3w8FIA3SberyMJMSldGsW+U3w==

cheerio-select@^2.1.0:
  version "2.1.0"
  resolved "https://registry.npmjs.org/cheerio-select/-/cheerio-select-2.1.0.tgz"
  integrity sha512-9v9kG0LvzrlcungtnJtpGNxY+fzECQKhK4EGJX2vByejiMX84MFNQw4UxPJl3bFbTMw+Dfs37XaIkCwTZfLh4g==
  dependencies:
    boolbase "^1.0.0"
    css-select "^5.1.0"
    css-what "^6.1.0"
    domelementtype "^2.3.0"
    domhandler "^5.0.3"
    domutils "^3.0.1"

cheerio@^1.0.0-rc.12:
  version "1.0.0-rc.12"
  resolved "https://registry.npmjs.org/cheerio/-/cheerio-1.0.0-rc.12.tgz"
  integrity sha512-VqR8m68vM46BNnuZ5NtnGBKIE/DfN0cRIzg9n40EIq9NOv90ayxLBXA8fXC5gquFRGJSTRqBq25Jt2ECLR431Q==
  dependencies:
    cheerio-select "^2.1.0"
    dom-serializer "^2.0.0"
    domhandler "^5.0.3"
    domutils "^3.0.1"
    htmlparser2 "^8.0.1"
    parse5 "^7.0.0"
    parse5-htmlparser2-tree-adapter "^7.0.0"

combined-stream@^1.0.8:
  version "1.0.8"
  resolved "https://registry.yarnpkg.com/combined-stream/-/combined-stream-1.0.8.tgz#c3d45a8b34fd730631a110a8a2520682b31d5a7f"
  integrity sha512-FQN4MRfuJeHf7cBbBMJFXhKSDq+2kAArBlmRBvcvFE5BB1HZKXtSFASDhdlz9zOYwxh8lDdnvmMOe/+5cdoEdg==
  dependencies:
    delayed-stream "~1.0.0"

crc@^4.1.0:
  version "4.3.2"
  resolved "https://registry.npmjs.org/crc/-/crc-4.3.2.tgz"
  integrity sha512-uGDHf4KLLh2zsHa8D8hIQ1H/HtFQhyHrc0uhHBcoKGol/Xnb+MPYfUMw7cvON6ze/GUESTudKayDcJC5HnJv1A==

crypto-js@^4.0.0:
  version "4.2.0"
  resolved "https://registry.yarnpkg.com/crypto-js/-/crypto-js-4.2.0.tgz#4d931639ecdfd12ff80e8186dba6af2c2e856631"
  integrity sha512-KALDyEYgpY+Rlob/iriUtjV6d5Eq+Y191A5g4UqLAi8CyGP9N1+FdVbkc1SxKc2r4YAYqG8JzO2KGL+AizD70Q==

css-select@^5.1.0:
  version "5.1.0"
  resolved "https://registry.npmjs.org/css-select/-/css-select-5.1.0.tgz"
  integrity sha512-nwoRF1rvRRnnCqqY7updORDsuqKzqYJ28+oSMaJMMgOauh3fvwHqMS7EZpIPqK8GL+g9mKxF1vP/ZjSeNjEVHg==
  dependencies:
    boolbase "^1.0.0"
    css-what "^6.1.0"
    domhandler "^5.0.2"
    domutils "^3.0.1"
    nth-check "^2.0.1"

css-what@^6.1.0:
  version "6.1.0"
  resolved "https://registry.npmjs.org/css-what/-/css-what-6.1.0.tgz"
  integrity sha512-HTUrgRJ7r4dsZKU6GjmpfRK1O76h97Z8MfS1G0FozR+oF2kG6Vfe8JE6zwrkbxigziPHinCJ+gCPjA9EaBDtRw==

dayjs@^1.11.5:
  version "1.11.9"
  resolved "https://registry.npmjs.org/dayjs/-/dayjs-1.11.9.tgz"
  integrity sha512-QvzAURSbQ0pKdIye2txOzNaHmxtUBXerpY0FJsFXUMKbIZeFm5ht1LS/jFsrncjnmtv8HsG0W2g6c0zUjZWmpA==

debug@4, debug@^4.3.1, debug@^4.3.4:
  version "4.3.4"
  resolved "https://registry.npmjs.org/debug/-/debug-4.3.4.tgz"
  integrity sha512-PRWFHuSU3eDtQJPvnNY7Jcket1j0t5OuOsFzPPzsekD52Zl8qUfFIPEiswXqIvHWGVHOgX+7G/vCNNhehwxfkQ==
  dependencies:
    ms "2.1.2"

delayed-stream@~1.0.0:
  version "1.0.0"
  resolved "https://registry.yarnpkg.com/delayed-stream/-/delayed-stream-1.0.0.tgz#df3ae199acadfb7d440aaae0b29e2272b24ec619"
  integrity sha512-ZySD7Nf91aLB0RxL4KGrKHBXl7Eds1DAmEdcoVawXnLD7SDhpNgtuII2aAkg7a7QS41jxPSZ17p4VdGnMHk3MQ==

deprecation@^2.0.0:
  version "2.3.1"
  resolved "https://registry.npmjs.org/deprecation/-/deprecation-2.3.1.tgz"
  integrity sha512-xmHIy4F3scKVwMsQ4WnVaS8bHOx0DmVwRywosKhaILI0ywMDWPtBSku2HNxRvF7jtwDRsoEwYQSfbxj8b7RlJQ==

dequal@^2.0.3:
  version "2.0.3"
  resolved "https://registry.yarnpkg.com/dequal/-/dequal-2.0.3.tgz#2644214f1997d39ed0ee0ece72335490a7ac67be"
  integrity sha512-0je+qPKHEMohvfRTCEo3CrPG6cAzAYgmzKyxRiYSSDkS6eGJdyVJm7WaYA5ECaAD9wLB2T4EEeymA5aFVcYXCA==

diff-match-patch@^1.0.5:
  version "1.0.5"
  resolved "https://registry.yarnpkg.com/diff-match-patch/-/diff-match-patch-1.0.5.tgz#abb584d5f10cd1196dfc55aa03701592ae3f7b37"
  integrity sha512-IayShXAgj/QMXgB0IWmKx+rOPuGMhqm5w6jvFxmVenXKIzRqTAAsbBPT3kWQeGANj3jGgvcvv4yK6SxqYmikgw==

dom-serializer@^2.0.0:
  version "2.0.0"
  resolved "https://registry.npmjs.org/dom-serializer/-/dom-serializer-2.0.0.tgz"
  integrity sha512-wIkAryiqt/nV5EQKqQpo3SToSOV9J0DnbJqwK7Wv/Trc92zIAYZ4FlMu+JPFW1DfGFt81ZTCGgDEabffXeLyJg==
  dependencies:
    domelementtype "^2.3.0"
    domhandler "^5.0.2"
    entities "^4.2.0"

domelementtype@^2.3.0:
  version "2.3.0"
  resolved "https://registry.npmjs.org/domelementtype/-/domelementtype-2.3.0.tgz"
  integrity sha512-OLETBj6w0OsagBwdXnPdN0cnMfF9opN69co+7ZrbfPGrdpPVNBUj02spi6B1N7wChLQiPn4CSH/zJvXw56gmHw==

domhandler@^5.0.2, domhandler@^5.0.3:
  version "5.0.3"
  resolved "https://registry.npmjs.org/domhandler/-/domhandler-5.0.3.tgz"
  integrity sha512-cgwlv/1iFQiFnU96XXgROh8xTeetsnJiDsTc7TYCLFd9+/WNkIqPTxiM/8pSd8VIrhXGTf1Ny1q1hquVqDJB5w==
  dependencies:
    domelementtype "^2.3.0"

domutils@^3.0.1:
  version "3.1.0"
  resolved "https://registry.npmjs.org/domutils/-/domutils-3.1.0.tgz"
  integrity sha512-H78uMmQtI2AhgDJjWeQmHwJJ2bLPD3GMmO7Zja/ZZh84wkm+4ut+IUnUdRa8uCGX88DiVx1j6FRe1XfxEgjEZA==
  dependencies:
    dom-serializer "^2.0.0"
    domelementtype "^2.3.0"
    domhandler "^5.0.3"

dotenv@*, dotenv@^16.3.1:
  version "16.3.1"
  resolved "https://registry.npmjs.org/dotenv/-/dotenv-16.3.1.tgz"
  integrity sha512-IPzF4w4/Rd94bA9imS68tZBaYyBWSCE47V1RGuMrB94iyTOIEwRmVL2x/4An+6mETpLrKJ5hQkB8W4kFAadeIQ==

dunder-proto@^1.0.1:
  version "1.0.1"
  resolved "https://registry.yarnpkg.com/dunder-proto/-/dunder-proto-1.0.1.tgz#d7ae667e1dc83482f8b70fd0f6eefc50da30f58a"
  integrity sha512-KIN/nDJBQRcXw0MLVhZE9iQHmG68qAVIBg9CqmUYjmQIhgij9U5MFvrqkUL5FbtyyzZuOeOt0zdeRe4UY7ct+A==
  dependencies:
    call-bind-apply-helpers "^1.0.1"
    es-errors "^1.3.0"
    gopd "^1.2.0"

entities@^4.2.0, entities@^4.4.0:
  version "4.5.0"
  resolved "https://registry.npmjs.org/entities/-/entities-4.5.0.tgz"
  integrity sha512-V0hjH4dGPh9Ao5p0MoRY6BVqtwCjhz6vI5LT8AJ55H+4g9/4vbHx1I54fS0XuclLhDHArPQCiMjDxjaL8fPxhw==

es-define-property@^1.0.1:
  version "1.0.1"
  resolved "https://registry.yarnpkg.com/es-define-property/-/es-define-property-1.0.1.tgz#983eb2f9a6724e9303f61addf011c72e09e0b0fa"
  integrity sha512-e3nRfgfUZ4rNGL232gUgX06QNyyez04KdjFrF+LTRoOXmrOgFKDg4BCdsjW8EnT69eqdYGmRpJwiPVYNrCaW3g==

es-errors@^1.3.0:
  version "1.3.0"
  resolved "https://registry.yarnpkg.com/es-errors/-/es-errors-1.3.0.tgz#05f75a25dab98e4fb1dcd5e1472c0546d5057c8f"
  integrity sha512-Zf5H2Kxt2xjTvbJvP2ZWLEICxA6j+hAmMzIlypy4xcBg1vKVnx89Wy0GbS+kf5cwCVFFzdCFh2XSCFNULS6csw==

es-object-atoms@^1.0.0, es-object-atoms@^1.1.1:
  version "1.1.1"
  resolved "https://registry.yarnpkg.com/es-object-atoms/-/es-object-atoms-1.1.1.tgz#1c4f2c4837327597ce69d2ca190a7fdd172338c1"
  integrity sha512-FGgH2h8zKNim9ljj7dankFPcICIK9Cp5bm+c2gQSYePhpaG5+esrLODihIorn+Pe6FGJzWhXQotPv73jTaldXA==
  dependencies:
    es-errors "^1.3.0"

es-set-tostringtag@^2.1.0:
  version "2.1.0"
  resolved "https://registry.yarnpkg.com/es-set-tostringtag/-/es-set-tostringtag-2.1.0.tgz#f31dbbe0c183b00a6d26eb6325c810c0fd18bd4d"
  integrity sha512-j6vWzfrGVfyXxge+O0x5sh6cvxAog0a/4Rdd2K36zCMV5eJ+/+tOAngRO8cODMNWbVRdVlmGZQL2YS3yR8bIUA==
  dependencies:
    es-errors "^1.3.0"
    get-intrinsic "^1.2.6"
    has-tostringtag "^1.0.2"
    hasown "^2.0.2"

follow-redirects@^1.14.0:
  version "1.15.6"
  resolved "https://registry.yarnpkg.com/follow-redirects/-/follow-redirects-1.15.6.tgz#7f815c0cda4249c74ff09e95ef97c23b5fd0399b"
  integrity sha512-wWN62YITEaOpSK584EZXJafH1AGpO8RVgElfkuXbTOrPX4fIfOyEpW/CsiNd8JdYrAoOvafRTOEnvsO++qCqFA==

follow-redirects@^1.15.6:
  version "1.15.9"
  resolved "https://registry.yarnpkg.com/follow-redirects/-/follow-redirects-1.15.9.tgz#a604fa10e443bf98ca94228d9eebcc2e8a2c8ee1"
  integrity sha512-gew4GsXizNgdoRyqmyfMHyAmXsZDk6mHkSxZFCzW9gwlbtOW44CDtYavM+y+72qD/Vq2l550kMF52DT8fOLJqQ==

form-data@^3.0.0:
  version "3.0.1"
  resolved "https://registry.npmjs.org/form-data/-/form-data-3.0.1.tgz"
  integrity sha512-RHkBKtLWUVwd7SqRIvCZMEvAMoGUp0XU+seQiZejj0COz3RI3hWP4sCv3gZWWLjJTd7rGwcsF5eKZGii0r/hbg==
  dependencies:
    asynckit "^0.4.0"
    combined-stream "^1.0.8"
    mime-types "^2.1.12"

form-data@^4.0.0:
  version "4.0.2"
  resolved "https://registry.yarnpkg.com/form-data/-/form-data-4.0.2.tgz#35cabbdd30c3ce73deb2c42d3c8d3ed9ca51794c"
  integrity sha512-hGfm/slu0ZabnNt4oaRZ6uREyfCj6P4fT/n6A1rGV+Z0VdGXjfOhVUpkn6qVQONHGIFwmveGXyDs75+nr6FM8w==
  dependencies:
    asynckit "^0.4.0"
    combined-stream "^1.0.8"
    es-set-tostringtag "^2.1.0"
    mime-types "^2.1.12"

function-bind@^1.1.2:
  version "1.1.2"
  resolved "https://registry.yarnpkg.com/function-bind/-/function-bind-1.1.2.tgz#2c02d864d97f3ea6c8830c464cbd11ab6eab7a1c"
  integrity sha512-7XHNxH7qX9xG5mIwxkhumTox/MIRNcOgDrxWsMt2pAr23WHp6MrRlN7FBSFpCpr+oVO0F744iUgR82nJMfG2SA==

get-intrinsic@^1.2.6:
  version "1.3.0"
  resolved "https://registry.yarnpkg.com/get-intrinsic/-/get-intrinsic-1.3.0.tgz#743f0e3b6964a93a5491ed1bffaae054d7f98d01"
  integrity sha512-9fSjSaos/fRIVIp+xSJlE6lfwhES7LNtKaCBIamHsjr2na1BiABJPo0mOjjz8GJDURarmCPGqaiVg5mfjb98CQ==
  dependencies:
    call-bind-apply-helpers "^1.0.2"
    es-define-property "^1.0.1"
    es-errors "^1.3.0"
    es-object-atoms "^1.1.1"
    function-bind "^1.1.2"
    get-proto "^1.0.1"
    gopd "^1.2.0"
    has-symbols "^1.1.0"
    hasown "^2.0.2"
    math-intrinsics "^1.1.0"

get-proto@^1.0.1:
  version "1.0.1"
  resolved "https://registry.yarnpkg.com/get-proto/-/get-proto-1.0.1.tgz#150b3f2743869ef3e851ec0c49d15b1d14d00ee1"
  integrity sha512-sTSfBjoXBp89JvIKIefqw7U2CCebsc74kiY6awiGogKtoSGbgjYE/G/+l9sF3MWFPNc9IcoOC4ODfKHfxFmp0g==
  dependencies:
    dunder-proto "^1.0.1"
    es-object-atoms "^1.0.0"

gopd@^1.2.0:
  version "1.2.0"
  resolved "https://registry.yarnpkg.com/gopd/-/gopd-1.2.0.tgz#89f56b8217bdbc8802bd299df6d7f1081d7e51a1"
  integrity sha512-ZUKRh6/kUFoAiTAtTYPZJ3hw9wNxx+BIBOijnlG9PnrJsCcSjs1wyyD6vJpaYtgnzDrKYRSqf3OO6Rfa93xsRg==

has-symbols@^1.0.3, has-symbols@^1.1.0:
  version "1.1.0"
  resolved "https://registry.yarnpkg.com/has-symbols/-/has-symbols-1.1.0.tgz#fc9c6a783a084951d0b971fe1018de813707a338"
  integrity sha512-1cDNdwJ2Jaohmb3sg4OmKaMBwuC48sYni5HUw2DvsC8LjGTLK9h+eb1X6RyuOHe4hT0ULCW68iomhjUoKUqlPQ==

has-tostringtag@^1.0.2:
  version "1.0.2"
  resolved "https://registry.yarnpkg.com/has-tostringtag/-/has-tostringtag-1.0.2.tgz#2cdc42d40bef2e5b4eeab7c01a73c54ce7ab5abc"
  integrity sha512-NqADB8VjPFLM2V0VvHUewwwsw0ZWBaIdgo+ieHtK3hasLz4qeCRjYcqfB6AQrBggRKppKF8L52/VqdVsO47Dlw==
  dependencies:
    has-symbols "^1.0.3"

hasown@^2.0.2:
  version "2.0.2"
  resolved "https://registry.yarnpkg.com/hasown/-/hasown-2.0.2.tgz#003eaf91be7adc372e84ec59dc37252cedb80003"
  integrity sha512-0hJU9SCPvmMzIBdZFqNPXWa6dqh7WdH0cII9y+CyS8rG3nL48Bclra9HmKhVVUHyPWNH5Y7xDwAB7bfgSjkUMQ==
  dependencies:
    function-bind "^1.1.2"

htmlparser2@^8.0.1:
  version "8.0.2"
  resolved "https://registry.npmjs.org/htmlparser2/-/htmlparser2-8.0.2.tgz"
  integrity sha512-GYdjWKDkbRLkZ5geuHs5NY1puJ+PXwP7+fHPRz06Eirsb9ugf6d8kkXav6ADhcODhFFPMIXyxkxSuMf3D6NCFA==
  dependencies:
    domelementtype "^2.3.0"
    domhandler "^5.0.3"
    domutils "^3.0.1"
    entities "^4.4.0"

https-proxy-agent@^7.0.0:
  version "7.0.1"
  resolved "https://registry.npmjs.org/https-proxy-agent/-/https-proxy-agent-7.0.1.tgz"
  integrity sha512-Eun8zV0kcYS1g19r78osiQLEFIRspRUDd9tIfBCTBPBeMieF/EsJNL8VI3xOIdYRDEkjQnqOYPsZ2DsWsVsFwQ==
  dependencies:
    agent-base "^7.0.2"
    debug "4"

is-plain-object@^5.0.0:
  version "5.0.0"
  resolved "https://registry.npmjs.org/is-plain-object/-/is-plain-object-5.0.0.tgz"
  integrity sha512-VRSzKkbMm5jMDoKLbltAkFQ5Qr7VDiTFGXxYFXXowVj387GeGNOCsOH6Msy00SGZ3Fp84b1Naa1psqgcCIEP5Q==

json-schema@^0.4.0:
  version "0.4.0"
  resolved "https://registry.yarnpkg.com/json-schema/-/json-schema-0.4.0.tgz#f7de4cf6efab838ebaeb3236474cbba5a1930ab5"
  integrity sha512-es94M3nTIfsEPisRafak+HDLfHXnKBhV3vU5eqPcS3flIWqcxJWgXHXiey3YrpaNsanY5ei1VoYEbOzijuq9BA==

jsondiffpatch@0.6.0:
  version "0.6.0"
  resolved "https://registry.yarnpkg.com/jsondiffpatch/-/jsondiffpatch-0.6.0.tgz#daa6a25bedf0830974c81545568d5f671c82551f"
  integrity sha512-3QItJOXp2AP1uv7waBkao5nCvhEv+QmJAd38Ybq7wNI74Q+BBmnLn4EDKz6yI9xGAIQoUF87qHt+kc1IVxB4zQ==
  dependencies:
    "@types/diff-match-patch" "^1.0.36"
    chalk "^5.3.0"
    diff-match-patch "^1.0.5"

lodash.get@^4.4.2:
  version "4.4.2"
  resolved "https://registry.npmjs.org/lodash.get/-/lodash.get-4.4.2.tgz"
  integrity sha512-z+Uw/vLuy6gQe8cfaFWD7p0wVv8fJl3mbzXh33RS+0oW2wvUqiRXiQ69gLWSLpgB5/6sU+r6BlQR0MBILadqTQ==

long@^4.0.0:
  version "4.0.0"
  resolved "https://registry.npmjs.org/long/-/long-4.0.0.tgz"
  integrity sha512-XsP+KhQif4bjX1kbuSiySJFNAehNxgLb6hPRGJ9QsUr8ajHkuXGdrHmFUTUUXhDwVX2R5bY4JNZEwbUiMhV+MA==

math-intrinsics@^1.1.0:
  version "1.1.0"
  resolved "https://registry.yarnpkg.com/math-intrinsics/-/math-intrinsics-1.1.0.tgz#a0dd74be81e2aa5c2f27e65ce283605ee4e2b7f9"
  integrity sha512-/IXtbwEk5HTPyEwyKX6hGkYXxM9nbj64B+ilVJnC/R6B0pH5G4V3b0pVbL7DBj4tkhBAppbQUlf6F6Xl9LHu1g==

mime-db@1.52.0:
  version "1.52.0"
  resolved "https://registry.yarnpkg.com/mime-db/-/mime-db-1.52.0.tgz#bbabcdc02859f4987301c856e3387ce5ec43bf70"
  integrity sha512-sPU4uV7dYlvtWJxwwxHD0PuihVNiE7TyAbQ5SWxDCB9mUYvOgroQOwYQQOKPJ8CIbE+1ETVlOoK1UC2nU3gYvg==

mime-types@^2.1.12:
  version "2.1.35"
  resolved "https://registry.yarnpkg.com/mime-types/-/mime-types-2.1.35.tgz#381a871b62a734450660ae3deee44813f70d959a"
  integrity sha512-ZDY+bPm5zTTF+YpCrAU9nK0UgICYPT0QtT1NZWFv4s++TNkcgVaT0g6+4R2uI4MjQjzysHB1zxuWL50hzaeXiw==
  dependencies:
    mime-db "1.52.0"

ms@2.1.2:
  version "2.1.2"
  resolved "https://registry.npmjs.org/ms/-/ms-2.1.2.tgz"
  integrity sha512-sGkPx+VjMtmA6MX27oA4FBFELFCZZ4S4XqeGOXCv68tT+jb3vk/RyaKWP0PTKyWtmLSM0b+adUTEvbs1PEaH2w==

nanoid@^3.3.8:
  version "3.3.11"
  resolved "https://registry.yarnpkg.com/nanoid/-/nanoid-3.3.11.tgz#4f4f112cefbe303202f2199838128936266d185b"
  integrity sha512-N8SpfPUnUp1bK+PMYW8qSWdl9U+wwNWI4QKxOYDy9JAro3WMX7p2OeVRF9v+347pnakNevPmiHhNmZ2HbFA76w==

node-fetch@^2.6.7:
  version "2.6.12"
  resolved "https://registry.npmjs.org/node-fetch/-/node-fetch-2.6.12.tgz"
  integrity sha512-C/fGU2E8ToujUivIO0H+tpQ6HWo4eEmchoPIoXtxCrVghxdKq+QOHqEZW7tuP3KlV3bC8FRMO5nMCC7Zm1VP6g==
  dependencies:
    whatwg-url "^5.0.0"

nth-check@^2.0.1:
  version "2.1.1"
  resolved "https://registry.npmjs.org/nth-check/-/nth-check-2.1.1.tgz"
  integrity sha512-lqjrjmaOoAnWfMmBPL+XNnynZh2+swxiX3WUE0s4yEHI6m+AwrK2UZOimIRl3X/4QctVqS8AiZjFqyOGrMXb/w==
  dependencies:
    boolbase "^1.0.0"

once@^1.4.0:
  version "1.4.0"
  resolved "https://registry.npmjs.org/once/-/once-1.4.0.tgz"
  integrity sha512-lNaJgI+2Q5URQBkccEKHTQOPaXdUxnZZElQTZY0MFUAuaEqe1E+Nyvgdz/aIyNi6Z9MzO5dv1H8n58/GELp3+w==
  dependencies:
    wrappy "1"

p-limit@^3.0.0:
  version "3.1.0"
  resolved "https://registry.npmjs.org/p-limit/-/p-limit-3.1.0.tgz"
  integrity sha512-TYOanM3wGwNGsZN2cVTYPArw454xnXj5qmWF1bEoAc4+cU/ol7GVh7odevjp1FNHduHc3KZMcFduxU5Xc6uJRQ==
  dependencies:
    yocto-queue "^0.1.0"

parse5-htmlparser2-tree-adapter@^7.0.0:
  version "7.0.0"
  resolved "https://registry.npmjs.org/parse5-htmlparser2-tree-adapter/-/parse5-htmlparser2-tree-adapter-7.0.0.tgz"
  integrity sha512-B77tOZrqqfUfnVcOrUvfdLbz4pu4RopLD/4vmu3HUPswwTA8OH0EMW9BlWR2B0RCoiZRAHEUu7IxeP1Pd1UU+g==
  dependencies:
    domhandler "^5.0.2"
    parse5 "^7.0.0"

parse5@^7.0.0:
  version "7.1.2"
  resolved "https://registry.npmjs.org/parse5/-/parse5-7.1.2.tgz"
  integrity sha512-Czj1WaSVpaoj0wbhMzLmWD69anp2WH7FXMB9n1Sy8/ZFF9jolSQVMu1Ij5WIyGmcBmhk7EOndpO4mIpihVqAXw==
  dependencies:
    entities "^4.4.0"

protobufjs@^6.11.2:
  version "6.11.4"
  resolved "https://registry.yarnpkg.com/protobufjs/-/protobufjs-6.11.4.tgz#29a412c38bf70d89e537b6d02d904a6f448173aa"
  integrity sha512-5kQWPaJHi1WoCpjTGszzQ32PG2F4+wRY6BmAT4Vfw56Q2FZ4YZzK20xUYQH4YkfehY1e6QSICrJquM6xXZNcrw==
  dependencies:
    "@protobufjs/aspromise" "^1.1.2"
    "@protobufjs/base64" "^1.1.2"
    "@protobufjs/codegen" "^2.0.4"
    "@protobufjs/eventemitter" "^1.1.0"
    "@protobufjs/fetch" "^1.1.0"
    "@protobufjs/float" "^1.0.2"
    "@protobufjs/inquire" "^1.1.0"
    "@protobufjs/path" "^1.1.2"
    "@protobufjs/pool" "^1.1.0"
    "@protobufjs/utf8" "^1.1.0"
    "@types/long" "^4.0.1"
    "@types/node" ">=13.7.0"
    long "^4.0.0"

proxy-from-env@^1.1.0:
  version "1.1.0"
  resolved "https://registry.yarnpkg.com/proxy-from-env/-/proxy-from-env-1.1.0.tgz#e102f16ca355424865755d2c9e8ea4f24d58c3e2"
  integrity sha512-D+zkORCbA9f1tdWRK0RaCR3GPv50cMxcrz4X8k5LTSUD1Dkw47mKJEZQNunItRTkWwgtaUSo1RVFRIG9ZXiFYg==

secure-json-parse@^2.7.0:
  version "2.7.0"
  resolved "https://registry.yarnpkg.com/secure-json-parse/-/secure-json-parse-2.7.0.tgz#5a5f9cd6ae47df23dba3151edd06855d47e09862"
  integrity sha512-6aU+Rwsezw7VR8/nyvKTx8QpWH9FrcYiXXlqC4z5d5XQBDRqtbfsRjnwGyqbi3gddNtWHuEk9OANUotL26qKUw==

swr@^2.2.5:
  version "2.3.3"
  resolved "https://registry.yarnpkg.com/swr/-/swr-2.3.3.tgz#9d6a703355f15f9099f45114db3ef75764444788"
  integrity sha512-dshNvs3ExOqtZ6kJBaAsabhPdHyeY4P2cKwRCniDVifBMoG/SVI7tfLWqPXriVspf2Rg4tPzXJTnwaihIeFw2A==
  dependencies:
    dequal "^2.0.3"
    use-sync-external-store "^1.4.0"

throttleit@2.1.0:
  version "2.1.0"
  resolved "https://registry.yarnpkg.com/throttleit/-/throttleit-2.1.0.tgz#a7e4aa0bf4845a5bd10daa39ea0c783f631a07b4"
  integrity sha512-nt6AMGKW1p/70DF/hGBdJB57B8Tspmbp5gfJ8ilhLnt7kkr2ye7hzD6NVG8GGErk2HWF34igrL2CXmNIkzKqKw==

tr46@~0.0.3:
  version "0.0.3"
  resolved "https://registry.npmjs.org/tr46/-/tr46-0.0.3.tgz"
  integrity sha512-N3WMsuqV66lT30CrXNbEjx4GEwlow3v6rr4mCcv6prnfwhS01rkgyFdjPNBYd9br7LpXV1+Emh01fHnq2Gdgrw==

typescript@^5.5.4:
  version "5.5.4"
  resolved "https://registry.yarnpkg.com/typescript/-/typescript-5.5.4.tgz#d9852d6c82bad2d2eda4fd74a5762a8f5909e9ba"
  integrity sha512-Mtq29sKDAEYP7aljRgtPOpTvOfbwRWlS6dPRzwjdE+C0R4brX/GUyhHSecbHMFLNBLcJIPt9nl9yG5TZ1weH+Q==

universal-user-agent@^6.0.0:
  version "6.0.0"
  resolved "https://registry.npmjs.org/universal-user-agent/-/universal-user-agent-6.0.0.tgz"
  integrity sha512-isyNax3wXoKaulPDZWHQqbmIx1k2tb9fb3GGDBRxCscfYV2Ch7WxPArBsFEG8s/safwXTT7H4QGhaIkTp9447w==

use-sync-external-store@^1.4.0:
  version "1.5.0"
  resolved "https://registry.yarnpkg.com/use-sync-external-store/-/use-sync-external-store-1.5.0.tgz#55122e2a3edd2a6c106174c27485e0fd59bcfca0"
  integrity sha512-Rb46I4cGGVBmjamjphe8L/UnvJD+uPPtTkNvX5mZgqdbavhI4EbgIWJiIHXJ8bc/i9EQGPRh4DwEURJ552Do0A==

uuid@^8.3.2:
  version "8.3.2"
  resolved "https://registry.npmjs.org/uuid/-/uuid-8.3.2.tgz"
  integrity sha512-+NYs2QeMWy+GWFOEm9xnn6HCDp0l7QBD7ml8zLUmJ+93Q5NF0NocErnwkTkXVFNiX3/fpC6afS8Dhb/gz7R7eg==

webidl-conversions@^3.0.0:
  version "3.0.1"
  resolved "https://registry.npmjs.org/webidl-conversions/-/webidl-conversions-3.0.1.tgz"
  integrity sha512-2JAn3z8AR6rjK8Sm8orRC0h/bcl/DqL7tRPdGZ4I1CjdF+EaMLmYxBHyXuKL849eucPFhvBoxMsflfOb8kxaeQ==

whatwg-url@^5.0.0:
  version "5.0.0"
  resolved "https://registry.npmjs.org/whatwg-url/-/whatwg-url-5.0.0.tgz"
  integrity sha512-saE57nupxk6v3HY35+jzBwYa0rKSy0XR8JSxZPwgLr7ys0IBzhGviA1/TUGJLmSVqs8pb9AnvICXEuOHLprYTw==
  dependencies:
    tr46 "~0.0.3"
    webidl-conversions "^3.0.0"

wrappy@1:
  version "1.0.2"
  resolved "https://registry.npmjs.org/wrappy/-/wrappy-1.0.2.tgz"
  integrity sha512-l4Sp/DRseor9wL6EvV2+TuQn63dMkPjZ/sp9XkghTEbV9KlPS1xUsZ3u7/IQO4wxtcFB4bgpQPRcR3QCvezPcQ==

yocto-queue@^0.1.0:
  version "0.1.0"
  resolved "https://registry.npmjs.org/yocto-queue/-/yocto-queue-0.1.0.tgz"
  integrity sha512-rVksvsnNCdJ/ohGc6xgPwyN8eheCxsiLM8mxuE/t/mOVqJewPuO1miLpTHQiRgTKCLexL4MeAFVagts7HmNZ2Q==

zod-to-json-schema@^3.24.1:
  version "3.24.5"
  resolved "https://registry.yarnpkg.com/zod-to-json-schema/-/zod-to-json-schema-3.24.5.tgz#d1095440b147fb7c2093812a53c54df8d5df50a3"
  integrity sha512-/AuWwMP+YqiPbsJx5D6TfgRTc4kTLjsh5SOcd4bLsfUg2RcEXrFMJl1DGgdHy2aCfsIA/cr/1JM0xcB2GZji8g==

zod@^3.24.2:
  version "3.24.2"
  resolved "https://registry.yarnpkg.com/zod/-/zod-3.24.2.tgz#8efa74126287c675e92f46871cfc8d15c34372b3"
  integrity sha512-lY7CDW43ECgW9u1TcT3IoXHflywfVqDYze4waEz812jR/bZ8FHDsl7pFQoSZTz5N+2NqRXs8GBwnAwo3ZNxqhQ==
